
Microsoft Visual Studio Solution File, Format Version 12.00
# Visual Studio Version 17
VisualStudioVersion = 17.14.36121.58
MinimumVisualStudioVersion = 10.0.40219.1
Project("{FAE04EC0-301F-11D3-BF4B-00C04F79EFBC}") = "LoginApp", "LoginApp\LoginApp.csproj", "{87305537-0112-41F7-A53B-87EEF43D03B0}"
EndProject
Project("{FAE04EC0-301F-11D3-BF4B-00C04F79EFBC}") = "CustomControls", "CustomControls\CustomControls.csproj", "{DD1B364A-0B70-4E81-BCAD-B121BFAD9414}"
EndProject
Global
	GlobalSection(SolutionConfigurationPlatforms) = preSolution
		Debug|Any CPU = Debug|Any CPU
		Release|Any CPU = Release|Any CPU
	EndGlobalSection
	GlobalSection(ProjectConfigurationPlatforms) = postSolution
		{87305537-0112-41F7-A53B-87EEF43D03B0}.Debug|Any CPU.ActiveCfg = Debug|Any CPU
		{87305537-0112-41F7-A53B-87EEF43D03B0}.Debug|Any CPU.Build.0 = Debug|Any CPU
		{87305537-0112-41F7-A53B-87EEF43D03B0}.Release|Any CPU.ActiveCfg = Release|Any CPU
		{87305537-0112-41F7-A53B-87EEF43D03B0}.Release|Any CPU.Build.0 = Release|Any CPU
		{DD1B364A-0B70-4E81-BCAD-B121BFAD9414}.Debug|Any CPU.ActiveCfg = Debug|Any CPU
		{DD1B364A-0B70-4E81-BCAD-B121BFAD9414}.Debug|Any CPU.Build.0 = Debug|Any CPU
		{DD1B364A-0B70-4E81-BCAD-B121BFAD9414}.Release|Any CPU.ActiveCfg = Release|Any CPU
		{DD1B364A-0B70-4E81-BCAD-B121BFAD9414}.Release|Any CPU.Build.0 = Release|Any CPU
	EndGlobalSection
	GlobalSection(SolutionProperties) = preSolution
		HideSolutionNode = FALSE
	EndGlobalSection
	GlobalSection(ExtensibilityGlobals) = postSolution
		SolutionGuid = {9E5677FE-1882-45DC-9991-5F813144C440}
	EndGlobalSection
EndGlobal
